
Microsoft Visual Studio Solution File, Format Version 12.00
# Visual Studio Version 17
VisualStudioVersion = 17.3.32929.385
MinimumVisualStudioVersion = 10.0.40219.1
Project("{FAE04EC0-301F-11D3-BF4B-00C04F79EFBC}") = "SinemaOtomasyonu", "SinemaOtomasyonu\SinemaOtomasyonu.csproj", "{407DA14E-7414-482B-9406-D5F771C099FD}"
EndProject
Global
	GlobalSection(SolutionConfigurationPlatforms) = preSolution
		Debug|Any CPU = Debug|Any CPU
		Release|Any CPU = Release|Any CPU
	EndGlobalSection
	GlobalSection(ProjectConfigurationPlatforms) = postSolution
		{407DA14E-7414-482B-9406-D5F771C099FD}.Debug|Any CPU.ActiveCfg = Debug|Any CPU
		{407DA14E-7414-482B-9406-D5F771C099FD}.Debug|Any CPU.Build.0 = Debug|Any CPU
		{407DA14E-7414-482B-9406-D5F771C099FD}.Release|Any CPU.ActiveCfg = Release|Any CPU
		{407DA14E-7414-482B-9406-D5F771C099FD}.Release|Any CPU.Build.0 = Release|Any CPU
	EndGlobalSection
	GlobalSection(SolutionProperties) = preSolution
		HideSolutionNode = FALSE
	EndGlobalSection
	GlobalSection(ExtensibilityGlobals) = postSolution
		SolutionGuid = {BE5AB60F-6BF3-4D8E-92B0-48FCB6E611AB}
	EndGlobalSection
EndGlobal
